
Microsoft Visual Studio Solution File, Format Version 12.00
# Visual Studio 14
VisualStudioVersion = 14.0.25420.1
MinimumVisualStudioVersion = 10.0.40219.1
Project("{FAE04EC0-301F-11D3-BF4B-00C04F79EFBC}") = "MPMCQueue.NET", "src\MPMCQueue.NET\MPMCQueue.NET.csproj", "{52DB9F2D-3411-47CF-B467-801C0376D313}"
EndProject
Project("{FAE04EC0-301F-11D3-BF4B-00C04F79EFBC}") = "MPMCQueue.NET.Tests", "tests\MPMCQueue.NET.Tests\MPMCQueue.NET.Tests.csproj", "{2258F2DB-3AA5-49AD-A03B-4F48AC07D36C}"
EndProject
Project("{2150E333-8FDC-42A3-9474-1A3956D46DE8}") = "Solution Items", "Solution Items", "{6BCE76C5-EE1E-4881-9C89-7D77B0E6CA11}"
	ProjectSection(SolutionItems) = preProject
		build\build.fsx = build\build.fsx
	EndProjectSection
EndProject
Project("{FAE04EC0-301F-11D3-BF4B-00C04F79EFBC}") = "MPMCQueue.NET.Benchmarks", "benchmarks\MPMCQueue.NET.Benchmarks\MPMCQueue.NET.Benchmarks.csproj", "{185D20D4-578E-4D4D-A22F-9E659E445F0C}"
EndProject
Project("{FAE04EC0-301F-11D3-BF4B-00C04F79EFBC}") = "MPMCQueue.NET.Sandbox", "sandbox\MPMCQueue.NET.Sandbox\MPMCQueue.NET.Sandbox.csproj", "{63ACF544-8574-4CC8-9303-6C6D1D3EAEE7}"
EndProject
Global
	GlobalSection(SolutionConfigurationPlatforms) = preSolution
		Debug|Any CPU = Debug|Any CPU
		Release|Any CPU = Release|Any CPU
	EndGlobalSection
	GlobalSection(ProjectConfigurationPlatforms) = postSolution
		{52DB9F2D-3411-47CF-B467-801C0376D313}.Debug|Any CPU.ActiveCfg = Debug|Any CPU
		{52DB9F2D-3411-47CF-B467-801C0376D313}.Debug|Any CPU.Build.0 = Debug|Any CPU
		{52DB9F2D-3411-47CF-B467-801C0376D313}.Release|Any CPU.ActiveCfg = Release|Any CPU
		{52DB9F2D-3411-47CF-B467-801C0376D313}.Release|Any CPU.Build.0 = Release|Any CPU
		{2258F2DB-3AA5-49AD-A03B-4F48AC07D36C}.Debug|Any CPU.ActiveCfg = Debug|Any CPU
		{2258F2DB-3AA5-49AD-A03B-4F48AC07D36C}.Debug|Any CPU.Build.0 = Debug|Any CPU
		{2258F2DB-3AA5-49AD-A03B-4F48AC07D36C}.Release|Any CPU.ActiveCfg = Release|Any CPU
		{2258F2DB-3AA5-49AD-A03B-4F48AC07D36C}.Release|Any CPU.Build.0 = Release|Any CPU
		{185D20D4-578E-4D4D-A22F-9E659E445F0C}.Debug|Any CPU.ActiveCfg = Debug|Any CPU
		{185D20D4-578E-4D4D-A22F-9E659E445F0C}.Debug|Any CPU.Build.0 = Debug|Any CPU
		{185D20D4-578E-4D4D-A22F-9E659E445F0C}.Release|Any CPU.ActiveCfg = Release|Any CPU
		{185D20D4-578E-4D4D-A22F-9E659E445F0C}.Release|Any CPU.Build.0 = Release|Any CPU
		{63ACF544-8574-4CC8-9303-6C6D1D3EAEE7}.Debug|Any CPU.ActiveCfg = Debug|Any CPU
		{63ACF544-8574-4CC8-9303-6C6D1D3EAEE7}.Debug|Any CPU.Build.0 = Debug|Any CPU
		{63ACF544-8574-4CC8-9303-6C6D1D3EAEE7}.Release|Any CPU.ActiveCfg = Release|Any CPU
		{63ACF544-8574-4CC8-9303-6C6D1D3EAEE7}.Release|Any CPU.Build.0 = Release|Any CPU
	EndGlobalSection
	GlobalSection(SolutionProperties) = preSolution
		HideSolutionNode = FALSE
	EndGlobalSection
EndGlobal
